schema: '2.0'
stages:
  train-bonsai@de:
    cmd: annif train -j $ANNIF_EVAL_JOBS gnd-bonsai-de data-sets/train-de.tsv.gz data-sets/train-de.tsv.gz
      data-sets/synth-de-1.tsv.gz data-sets/synth-de-2.tsv.gz data-sets/synth-de-3.tsv.gz
      data-sets/synth-de-4.tsv.gz
    deps:
    - path: data-sets/synth-de-1.tsv.gz
      hash: md5
      md5: af7d7de461221ae01e84f5eec6574924
      size: 24671106
    - path: data-sets/synth-de-2.tsv.gz
      hash: md5
      md5: a6073d24fcddad8ffb48226aa69fe236
      size: 27784239
    - path: data-sets/synth-de-3.tsv.gz
      hash: md5
      md5: 1bf3850a6d96ecf98e21f89f5a023889
      size: 28088905
    - path: data-sets/synth-de-4.tsv.gz
      hash: md5
      md5: bdd2527d0070fae98d58b818a8370e25
      size: 17670742
    - path: data-sets/train-de.tsv.gz
      hash: md5
      md5: 81624ebf8ae33199a80ed79cb8e376d0
      size: 40335909
    - path: data-sets/train-de.tsv.gz
      hash: md5
      md5: 81624ebf8ae33199a80ed79cb8e376d0
      size: 40335909
    - path: data/vocabs/gnd
      hash: md5
      md5: b72a15a4a00dcaa5a542f21f4fa5f604.dir
      size: 85563961
      nfiles: 3
    params:
      projects.toml:
        gnd-bonsai-de:
          name: GND Omikuji Bonsai German
          language: de
          backend: omikuji
          analyzer: snowball(german)
          vocab: gnd
          cluster_balanced: 'False'
          cluster_k: '100'
          max_depth: '3'
          min_df: '5'
          ngram: '2'
    outs:
    - path: data/projects/gnd-bonsai-de
      hash: md5
      md5: 973c74e00e6d7e2120fe2dbed2ec2398.dir
      size: 3916736870
      nfiles: 6
  eval@bonsai-de:
    cmd:
    - annif eval gnd-bonsai-de -j $ANNIF_EVAL_JOBS -l 20 -m F1@5 -m NDCG --metrics-file
      reports/bonsai-de.json data-sets/dev-de.tsv.gz
    deps:
    - path: data-sets/dev-de.tsv.gz
      hash: md5
      md5: d3fa135ace2243b610c04ac198bcb76f
      size: 8929532
    - path: data/projects/gnd-bonsai-de
      hash: md5
      md5: 973c74e00e6d7e2120fe2dbed2ec2398.dir
      size: 3916736870
      nfiles: 6
    params:
      projects.toml:
        gnd-bonsai-de:
          name: GND Omikuji Bonsai German
          language: de
          backend: omikuji
          analyzer: snowball(german)
          vocab: gnd
          cluster_balanced: 'False'
          cluster_k: '100'
          max_depth: '3'
          min_df: '5'
          ngram: '2'
    outs:
    - path: reports/bonsai-de.json
      hash: md5
      md5: 3cf886cb85f474542863223079588da4
      size: 95
  train-bonsai@en:
    cmd: annif train -j $ANNIF_EVAL_JOBS gnd-bonsai-en data-sets/train-en.tsv.gz data-sets/train-en.tsv.gz
      data-sets/synth-en-1.tsv.gz data-sets/synth-en-2.tsv.gz data-sets/synth-en-3.tsv.gz
      data-sets/synth-en-4.tsv.gz
    deps:
    - path: data-sets/synth-en-1.tsv.gz
      hash: md5
      md5: 4045d8ca5b5f1c6885fc21575f5c3de6
      size: 24446978
    - path: data-sets/synth-en-2.tsv.gz
      hash: md5
      md5: 64d52e0101bc5fbd1962be816686a939
      size: 21159270
    - path: data-sets/synth-en-3.tsv.gz
      hash: md5
      md5: cb3a2733a9d39d8b89113ba16883ee3a
      size: 22301911
    - path: data-sets/synth-en-4.tsv.gz
      hash: md5
      md5: aa1594f99623db89b727059d8dd10c81
      size: 27972667
    - path: data-sets/train-en.tsv.gz
      hash: md5
      md5: d1ffa3f2663bf15daa23eff4ef879d57
      size: 40600923
    - path: data-sets/train-en.tsv.gz
      hash: md5
      md5: d1ffa3f2663bf15daa23eff4ef879d57
      size: 40600923
    - path: data/vocabs/gnd
      hash: md5
      md5: b72a15a4a00dcaa5a542f21f4fa5f604.dir
      size: 85563961
      nfiles: 3
    params:
      projects.toml:
        gnd-bonsai-en:
          name: GND Omikuji Bonsai English
          language: en
          backend: omikuji
          analyzer: snowball(english)
          vocab: gnd
          cluster_balanced: 'False'
          cluster_k: '100'
          max_depth: '3'
          min_df: '5'
          ngram: '2'
    outs:
    - path: data/projects/gnd-bonsai-en
      hash: md5
      md5: ee2fc794a070d0ac85d3a40a18a37c65.dir
      size: 4146117509
      nfiles: 6
  eval@bonsai-en:
    cmd:
    - annif eval gnd-bonsai-en -j $ANNIF_EVAL_JOBS -l 20 -m F1@5 -m NDCG --metrics-file
      reports/bonsai-en.json data-sets/dev-en.tsv.gz
    deps:
    - path: data-sets/dev-en.tsv.gz
      hash: md5
      md5: 1030eea44ca106f48ed01a0bcf071e5f
      size: 8995980
    - path: data/projects/gnd-bonsai-en
      hash: md5
      md5: ee2fc794a070d0ac85d3a40a18a37c65.dir
      size: 4146117509
      nfiles: 6
    params:
      projects.toml:
        gnd-bonsai-en:
          name: GND Omikuji Bonsai English
          language: en
          backend: omikuji
          analyzer: snowball(english)
          vocab: gnd
          cluster_balanced: 'False'
          cluster_k: '100'
          max_depth: '3'
          min_df: '5'
          ngram: '2'
    outs:
    - path: reports/bonsai-en.json
      hash: md5
      md5: b4154879f0e55dc7d6adccb37222cfb4
      size: 95
  train-mllm@de:
    cmd: annif train -j $ANNIF_EVAL_JOBS gnd-mllm-de data-sets/train-de.tsv.gz
    deps:
    - path: data-sets/train-de.tsv.gz
      hash: md5
      md5: 81624ebf8ae33199a80ed79cb8e376d0
      size: 40335909
    - path: data/vocabs/gnd
      hash: md5
      md5: b72a15a4a00dcaa5a542f21f4fa5f604.dir
      size: 85563961
      nfiles: 3
    params:
      projects.toml:
        gnd-mllm-de:
          name: GND MLLM German
          language: de
          backend: mllm
          analyzer: snowball(german)
          vocab: gnd
          min_samples_leaf: 30
          max_leaf_nodes: 1996
          max_samples: 0.5143
    outs:
    - path: data/projects/gnd-mllm-de
      hash: md5
      md5: 548975c7273400a4ef15c022f9a2c851.dir
      size: 107540706
      nfiles: 2
  train-mllm@en:
    cmd: annif train -j $ANNIF_EVAL_JOBS gnd-mllm-en data-sets/train-en.tsv.gz
    deps:
    - path: data-sets/train-en.tsv.gz
      hash: md5
      md5: d1ffa3f2663bf15daa23eff4ef879d57
      size: 40600923
    - path: data/vocabs/gnd
      hash: md5
      md5: b72a15a4a00dcaa5a542f21f4fa5f604.dir
      size: 85563961
      nfiles: 3
    params:
      projects.toml:
        gnd-mllm-en:
          name: GND MLLM English
          language: en
          backend: mllm
          analyzer: simplemma(en)
          vocab: gnd
          min_samples_leaf: 18
          max_leaf_nodes: 1998
          max_samples: 0.8529
    outs:
    - path: data/projects/gnd-mllm-en
      hash: md5
      md5: 5b73c41ad2b6ff4b0a81cf962b233ec9.dir
      size: 149648150
      nfiles: 2
  eval@mllm-de:
    cmd:
    - annif eval gnd-mllm-de -j $ANNIF_EVAL_JOBS -l 20 -m F1@5 -m NDCG --metrics-file
      reports/mllm-de.json data-sets/dev-de.tsv.gz
    deps:
    - path: data-sets/dev-de.tsv.gz
      hash: md5
      md5: d3fa135ace2243b610c04ac198bcb76f
      size: 8929532
    - path: data/projects/gnd-mllm-de
      hash: md5
      md5: 548975c7273400a4ef15c022f9a2c851.dir
      size: 107540706
      nfiles: 2
    params:
      projects.toml:
        gnd-mllm-de:
          name: GND MLLM German
          language: de
          backend: mllm
          analyzer: snowball(german)
          vocab: gnd
          min_samples_leaf: 30
          max_leaf_nodes: 1996
          max_samples: 0.5143
    outs:
    - path: reports/mllm-de.json
      hash: md5
      md5: 6e47e3a4c3f4b0756924be1948cad87e
      size: 95
  eval@mllm-en:
    cmd:
    - annif eval gnd-mllm-en -j $ANNIF_EVAL_JOBS -l 20 -m F1@5 -m NDCG --metrics-file
      reports/mllm-en.json data-sets/dev-en.tsv.gz
    deps:
    - path: data-sets/dev-en.tsv.gz
      hash: md5
      md5: 1030eea44ca106f48ed01a0bcf071e5f
      size: 8995980
    - path: data/projects/gnd-mllm-en
      hash: md5
      md5: 5b73c41ad2b6ff4b0a81cf962b233ec9.dir
      size: 149648150
      nfiles: 2
    params:
      projects.toml:
        gnd-mllm-en:
          name: GND MLLM English
          language: en
          backend: mllm
          analyzer: simplemma(en)
          vocab: gnd
          min_samples_leaf: 18
          max_leaf_nodes: 1998
          max_samples: 0.8529
    outs:
    - path: reports/mllm-en.json
      hash: md5
      md5: 93ba76358b9de604e21b84b9120fc367
      size: 95
  dummy-train-bm-ensemble@bm-de:
    cmd:
    - mkdir -p data/projects/gnd-bm-ensemble-de
    - date -u > data/projects/gnd-bm-ensemble-de/timestamp
    deps:
    - path: data/projects/gnd-bonsai-de
      hash: md5
      md5: 7eaa0f943123b1db80c885c7adfa1b7a.dir
      size: 904099141
      nfiles: 6
    - path: data/projects/gnd-mllm-de
      hash: md5
      md5: 405bfb7733ad55f48f3166c9f7442776.dir
      size: 107197467
      nfiles: 2
    - path: data/vocabs/gnd
      hash: md5
      md5: b72a15a4a00dcaa5a542f21f4fa5f604.dir
      size: 85563961
      nfiles: 3
    outs:
    - path: data/projects/gnd-bm-ensemble-de
      hash: md5
      md5: 6d3ac6fb5ae967c2459ed78fb8e1c6a8.dir
      size: 29
      nfiles: 1
  dummy-train-bm-ensemble@bm-en:
    cmd:
    - mkdir -p data/projects/gnd-bm-ensemble-en
    - date -u > data/projects/gnd-bm-ensemble-en/timestamp
    deps:
    - path: data/projects/gnd-bonsai-en
      hash: md5
      md5: 74cd73388c2cffa530175b65fd86cfff.dir
      size: 779153783
      nfiles: 6
    - path: data/projects/gnd-mllm-en
      hash: md5
      md5: 2fb158d8e3cf62e0bdfb4cb5d30949e9.dir
      size: 148933832
      nfiles: 2
    - path: data/vocabs/gnd
      hash: md5
      md5: b72a15a4a00dcaa5a542f21f4fa5f604.dir
      size: 85563961
      nfiles: 3
    outs:
    - path: data/projects/gnd-bm-ensemble-en
      hash: md5
      md5: 974e4ce51c4251a57a3667c148a540b2.dir
      size: 29
      nfiles: 1
  eval@bm-ensemble-de:
    cmd:
    - annif eval gnd-bm-ensemble-de -j $ANNIF_EVAL_JOBS -l 20 -m F1@5 -m NDCG --metrics-file
      reports/bm-ensemble-de.json data-sets/dev-de.tsv.gz
    deps:
    - path: data-sets/dev-de.tsv.gz
      hash: md5
      md5: d3fa135ace2243b610c04ac198bcb76f
      size: 8929532
    - path: data/projects/gnd-bm-ensemble-de
      hash: md5
      md5: 6d3ac6fb5ae967c2459ed78fb8e1c6a8.dir
      size: 29
      nfiles: 1
    params:
      projects.toml:
        gnd-bm-ensemble-de:
          name: GND BM ensemble German
          language: de
          backend: ensemble
          sources: gnd-mllm-de:0.1930,gnd-bonsai-de:0.8070
          vocab: gnd
    outs:
    - path: reports/bm-ensemble-de.json
      hash: md5
      md5: c8fad3256248693edbc1a2be69f1e132
      size: 95
  eval@bm-ensemble-en:
    cmd:
    - annif eval gnd-bm-ensemble-en -j $ANNIF_EVAL_JOBS -l 20 -m F1@5 -m NDCG --metrics-file
      reports/bm-ensemble-en.json data-sets/dev-en.tsv.gz
    deps:
    - path: data-sets/dev-en.tsv.gz
      hash: md5
      md5: 1030eea44ca106f48ed01a0bcf071e5f
      size: 8995980
    - path: data/projects/gnd-bm-ensemble-en
      hash: md5
      md5: 974e4ce51c4251a57a3667c148a540b2.dir
      size: 29
      nfiles: 1
    params:
      projects.toml:
        gnd-bm-ensemble-en:
          name: GND BM ensemble English
          language: en
          backend: ensemble
          sources: gnd-mllm-en:0.1623,gnd-bonsai-en:0.8377
          vocab: gnd
    outs:
    - path: reports/bm-ensemble-en.json
      hash: md5
      md5: de3805b99ae05365b5768b4cca37b526
      size: 93
  train-xtransformer@de:
    cmd:
    - annif train -j 1 gnd-xtransformer-de data-sets/train-de.tsv.gz
    deps:
    - path: data-sets/train-de.tsv.gz
      hash: md5
      md5: 81624ebf8ae33199a80ed79cb8e376d0
      size: 40335909
    - path: data/vocabs/gnd
      hash: md5
      md5: b72a15a4a00dcaa5a542f21f4fa5f604.dir
      size: 85563961
      nfiles: 3
    params:
      projects.toml:
        gnd-xtransformer-de:
          name: GND XTransformer German
          language: de
          backend: xtransformer
          analyzer: snowball(german)
          vocab: gnd
          batch_size: 16
          truncate_length: 256
          learning_rate: 0.0001
          num_train_epochs: 3
          max_leaf_size: 1600
          nr_splits: 256
          threshold: 0.015
          Cn: 0.52
          Cp: 5.33
          bootstrap_model: weighted-linear
          loss_function: weighted-squared-hinge
          max_active_matching_labels: 500
          negative_sampling: tfn+man
          warmup_steps: 200
          ensemble_method: concat-only
          post_processor: l3-hinge
          cost_sensitive_ranker: true
          rel_mode: induce
          rel_norm: l1
          neg_mining_chain: tfn
          model_shortcut: FacebookAI/xlm-roberta-base
    outs:
    - path: data/projects/gnd-xtransformer-de
      hash: md5
      md5: f2fe1ab66544f6d80bae3e27d09c628f.dir
      size: 1704063063
      nfiles: 22
  train-xtransformer@en:
    cmd:
    - annif train -j 1 gnd-xtransformer-en data-sets/train-en.tsv.gz
    deps:
    - path: data-sets/train-en.tsv.gz
      hash: md5
      md5: d1ffa3f2663bf15daa23eff4ef879d57
      size: 40600923
    - path: data/vocabs/gnd
      hash: md5
      md5: b72a15a4a00dcaa5a542f21f4fa5f604.dir
      size: 85563961
      nfiles: 3
    params:
      projects.toml:
        gnd-xtransformer-en:
          name: GND XTransformer English
          language: en
          backend: xtransformer
          analyzer: snowball(english)
          vocab: gnd
          batch_size: 16
          truncate_length: 256
          learning_rate: 0.0001
          num_train_epochs: 3
          max_leaf_size: 1600
          nr_splits: 256
          threshold: 0.015
          Cn: 0.52
          Cp: 5.33
          bootstrap_model: weighted-linear
          loss_function: weighted-squared-hinge
          max_active_matching_labels: 500
          negative_sampling: tfn+man
          warmup_steps: 200
          ensemble_method: concat-only
          post_processor: l3-hinge
          cost_sensitive_ranker: true
          rel_mode: induce
          rel_norm: l1
          neg_mining_chain: tfn
          model_shortcut: FacebookAI/xlm-roberta-base
    outs:
    - path: data/projects/gnd-xtransformer-en
      hash: md5
      md5: 1fab07db13ce70adc14f54a182a538ca.dir
      size: 1665065197
      nfiles: 22
  eval@xtransformer-en:
    cmd:
    - annif eval gnd-xtransformer-en -j $ANNIF_EVAL_JOBS -l 20 -m F1@5 -m NDCG --metrics-file
      reports/xtransformer-en.json data-sets/dev-en.tsv.gz
    deps:
    - path: data-sets/dev-en.tsv.gz
      hash: md5
      md5: 1030eea44ca106f48ed01a0bcf071e5f
      size: 8995980
    - path: data/projects/gnd-xtransformer-en
      hash: md5
      md5: 1fab07db13ce70adc14f54a182a538ca.dir
      size: 1665065197
      nfiles: 22
    params:
      projects.toml:
        gnd-xtransformer-en:
          name: GND XTransformer English
          language: en
          backend: xtransformer
          analyzer: snowball(english)
          vocab: gnd
          batch_size: 16
          truncate_length: 256
          learning_rate: 0.0001
          num_train_epochs: 3
          max_leaf_size: 1600
          nr_splits: 256
          threshold: 0.015
          Cn: 0.52
          Cp: 5.33
          bootstrap_model: weighted-linear
          loss_function: weighted-squared-hinge
          max_active_matching_labels: 500
          negative_sampling: tfn+man
          warmup_steps: 200
          ensemble_method: concat-only
          post_processor: l3-hinge
          cost_sensitive_ranker: true
          rel_mode: induce
          rel_norm: l1
          neg_mining_chain: tfn
          model_shortcut: FacebookAI/xlm-roberta-base
    outs:
    - path: reports/xtransformer-en.json
      hash: md5
      md5: 3aa8dec69fd6c90b1fd68df58af69f94
      size: 93
  eval@xtransformer-de:
    cmd:
    - annif eval gnd-xtransformer-de -j $ANNIF_EVAL_JOBS -l 20 -m F1@5 -m NDCG --metrics-file
      reports/xtransformer-de.json data-sets/dev-de.tsv.gz
    deps:
    - path: data-sets/dev-de.tsv.gz
      hash: md5
      md5: d3fa135ace2243b610c04ac198bcb76f
      size: 8929532
    - path: data/projects/gnd-xtransformer-de
      hash: md5
      md5: f2fe1ab66544f6d80bae3e27d09c628f.dir
      size: 1704063063
      nfiles: 22
    params:
      projects.toml:
        gnd-xtransformer-de:
          name: GND XTransformer German
          language: de
          backend: xtransformer
          analyzer: snowball(german)
          vocab: gnd
          batch_size: 16
          truncate_length: 256
          learning_rate: 0.0001
          num_train_epochs: 3
          max_leaf_size: 1600
          nr_splits: 256
          threshold: 0.015
          Cn: 0.52
          Cp: 5.33
          bootstrap_model: weighted-linear
          loss_function: weighted-squared-hinge
          max_active_matching_labels: 500
          negative_sampling: tfn+man
          warmup_steps: 200
          ensemble_method: concat-only
          post_processor: l3-hinge
          cost_sensitive_ranker: true
          rel_mode: induce
          rel_norm: l1
          neg_mining_chain: tfn
          model_shortcut: FacebookAI/xlm-roberta-base
    outs:
    - path: reports/xtransformer-de.json
      hash: md5
      md5: f8ac184ac58b54ba8215cc46f00a98fc
      size: 94
  dummy-train-bmx-ensemble@bmx-de:
    cmd:
    - mkdir -p data/projects/gnd-bmx-ensemble-de
    - date -u > data/projects/gnd-bmx-ensemble-de/timestamp
    deps:
    - path: data/projects/gnd-bonsai-de
      hash: md5
      md5: 398c96901ad84e47346199a5ddce8125.dir
      size: 898022190
      nfiles: 6
    - path: data/projects/gnd-mllm-de
      hash: md5
      md5: 548975c7273400a4ef15c022f9a2c851.dir
      size: 107540706
      nfiles: 2
    - path: data/projects/gnd-xtransformer-de
      hash: md5
      md5: f2fe1ab66544f6d80bae3e27d09c628f.dir
      size: 1704063063
      nfiles: 22
    - path: data/vocabs/gnd
      hash: md5
      md5: b72a15a4a00dcaa5a542f21f4fa5f604.dir
      size: 85563961
      nfiles: 3
    outs:
    - path: data/projects/gnd-bmx-ensemble-de
      hash: md5
      md5: 1522e451be6a617b6412102436f5c26e.dir
      size: 29
      nfiles: 1
  dummy-train-bmx-ensemble@bmx-en:
    cmd:
    - mkdir -p data/projects/gnd-bmx-ensemble-en
    - date -u > data/projects/gnd-bmx-ensemble-en/timestamp
    deps:
    - path: data/projects/gnd-bonsai-en
      hash: md5
      md5: 391392b0e3a1fa391683999fd9bf49bd.dir
      size: 778089845
      nfiles: 6
    - path: data/projects/gnd-mllm-en
      hash: md5
      md5: 5b73c41ad2b6ff4b0a81cf962b233ec9.dir
      size: 149648150
      nfiles: 2
    - path: data/projects/gnd-xtransformer-en
      hash: md5
      md5: 1fab07db13ce70adc14f54a182a538ca.dir
      size: 1665065197
      nfiles: 22
    - path: data/vocabs/gnd
      hash: md5
      md5: b72a15a4a00dcaa5a542f21f4fa5f604.dir
      size: 85563961
      nfiles: 3
    outs:
    - path: data/projects/gnd-bmx-ensemble-en
      hash: md5
      md5: 1297d7e99997cf24022eb724791b7bb2.dir
      size: 29
      nfiles: 1
  eval@bmx-ensemble-de:
    cmd:
    - annif eval gnd-bmx-ensemble-de -j $ANNIF_EVAL_JOBS -l 20 -m F1@5 -m NDCG --metrics-file
      reports/bmx-ensemble-de.json data-sets/dev-de.tsv.gz
    deps:
    - path: data-sets/dev-de.tsv.gz
      hash: md5
      md5: d3fa135ace2243b610c04ac198bcb76f
      size: 8929532
    - path: data/projects/gnd-bmx-ensemble-de
      hash: md5
      md5: 1522e451be6a617b6412102436f5c26e.dir
      size: 29
      nfiles: 1
    params:
      projects.toml:
        gnd-bmx-ensemble-de:
          name: GND BMX ensemble German
          language: de
          backend: ensemble
          sources: gnd-mllm-de,gnd-bonsai-de,gnd-xtransformer-de
          vocab: gnd
    outs:
    - path: reports/bmx-ensemble-de.json
      hash: md5
      md5: 55c8ab027cb788093cb1a9f8d8290ba5
      size: 95
  eval@bmx-ensemble-en:
    cmd:
    - annif eval gnd-bmx-ensemble-en -j $ANNIF_EVAL_JOBS -l 20 -m F1@5 -m NDCG --metrics-file
      reports/bmx-ensemble-en.json data-sets/dev-en.tsv.gz
    deps:
    - path: data-sets/dev-en.tsv.gz
      hash: md5
      md5: 1030eea44ca106f48ed01a0bcf071e5f
      size: 8995980
    - path: data/projects/gnd-bmx-ensemble-en
      hash: md5
      md5: 1297d7e99997cf24022eb724791b7bb2.dir
      size: 29
      nfiles: 1
    params:
      projects.toml:
        gnd-bmx-ensemble-en:
          name: GND BMX ensemble English
          language: en
          backend: ensemble
          sources: gnd-mllm-en,gnd-bonsai-en,gnd-xtransformer-en
          vocab: gnd
    outs:
    - path: reports/bmx-ensemble-en.json
      hash: md5
      md5: b2078f1fca2a70af158869a70cc58dc8
      size: 94
  hyperopt-mllm@en:
    cmd:
    - annif hyperopt -j 64 --trials 200 --docs-limit 2000 gnd-mllm-en data-sets/dev-en.tsv.gz
    deps:
    - path: data-sets/dev-en.tsv.gz
      hash: md5
      md5: 1030eea44ca106f48ed01a0bcf071e5f
      size: 8995980
    params:
      projects.toml:
        gnd-mllm-en:
          name: GND MLLM English
          language: en
          backend: mllm
          analyzer: simplemma(en)
          vocab: gnd
  hyperopt-mllm@de:
    cmd:
    - annif hyperopt -j 64 --trials 200 --docs-limit 2000 gnd-mllm-de data-sets/dev-de.tsv.gz
    deps:
    - path: data-sets/dev-de.tsv.gz
      hash: md5
      md5: d3fa135ace2243b610c04ac198bcb76f
      size: 8929532
    params:
      projects.toml:
        gnd-mllm-de:
          name: GND MLLM German
          language: de
          backend: mllm
          analyzer: snowball(german)
          vocab: gnd
